
Microsoft Visual Studio Solution File, Format Version 12.00
# Visual Studio Version 16
VisualStudioVersion = 16.0.31702.278
MinimumVisualStudioVersion = 10.0.40219.1
Project("{FAE04EC0-301F-11D3-BF4B-00C04F79EFBC}") = "MyFirstMediatorWebApi", "MyFirstMediatorWebApi\MyFirstMediatorWebApi.csproj", "{773A1368-6F12-4CAC-82F2-0DEB268A642C}"
EndProject
Global
	GlobalSection(SolutionConfigurationPlatforms) = preSolution
		Debug|Any CPU = Debug|Any CPU
		Release|Any CPU = Release|Any CPU
	EndGlobalSection
	GlobalSection(ProjectConfigurationPlatforms) = postSolution
		{773A1368-6F12-4CAC-82F2-0DEB268A642C}.Debug|Any CPU.ActiveCfg = Debug|Any CPU
		{773A1368-6F12-4CAC-82F2-0DEB268A642C}.Debug|Any CPU.Build.0 = Debug|Any CPU
		{773A1368-6F12-4CAC-82F2-0DEB268A642C}.Release|Any CPU.ActiveCfg = Release|Any CPU
		{773A1368-6F12-4CAC-82F2-0DEB268A642C}.Release|Any CPU.Build.0 = Release|Any CPU
	EndGlobalSection
	GlobalSection(SolutionProperties) = preSolution
		HideSolutionNode = FALSE
	EndGlobalSection
	GlobalSection(ExtensibilityGlobals) = postSolution
		SolutionGuid = {35773099-07A1-41E7-B33D-86E8D2B72BE5}
	EndGlobalSection
EndGlobal
